
Microsoft Visual Studio Solution File, Format Version 12.00
# Visual Studio Version 17
VisualStudioVersion = 17.9.34728.123
MinimumVisualStudioVersion = 10.0.40219.1
Project("{FAE04EC0-301F-11D3-BF4B-00C04F79EFBC}") = "Restaurant-Project", "Restaurant-Project\Restaurant-Project.csproj", "{AC9034D2-776F-4A3F-B826-025F6BB5945C}"
EndProject
Project("{FAE04EC0-301F-11D3-BF4B-00C04F79EFBC}") = "RestaurantDB", "RestaurantDB\RestaurantDB.csproj", "{3028A548-F5DB-484A-B3A2-142FF0B07AD0}"
EndProject
Global
	GlobalSection(SolutionConfigurationPlatforms) = preSolution
		Debug|Any CPU = Debug|Any CPU
		Release|Any CPU = Release|Any CPU
	EndGlobalSection
	GlobalSection(ProjectConfigurationPlatforms) = postSolution
		{AC9034D2-776F-4A3F-B826-025F6BB5945C}.Debug|Any CPU.ActiveCfg = Debug|Any CPU
		{AC9034D2-776F-4A3F-B826-025F6BB5945C}.Debug|Any CPU.Build.0 = Debug|Any CPU
		{AC9034D2-776F-4A3F-B826-025F6BB5945C}.Release|Any CPU.ActiveCfg = Release|Any CPU
		{AC9034D2-776F-4A3F-B826-025F6BB5945C}.Release|Any CPU.Build.0 = Release|Any CPU
		{3028A548-F5DB-484A-B3A2-142FF0B07AD0}.Debug|Any CPU.ActiveCfg = Debug|Any CPU
		{3028A548-F5DB-484A-B3A2-142FF0B07AD0}.Debug|Any CPU.Build.0 = Debug|Any CPU
		{3028A548-F5DB-484A-B3A2-142FF0B07AD0}.Release|Any CPU.ActiveCfg = Release|Any CPU
		{3028A548-F5DB-484A-B3A2-142FF0B07AD0}.Release|Any CPU.Build.0 = Release|Any CPU
	EndGlobalSection
	GlobalSection(SolutionProperties) = preSolution
		HideSolutionNode = FALSE
	EndGlobalSection
	GlobalSection(ExtensibilityGlobals) = postSolution
		SolutionGuid = {FDEE1045-0287-4D63-B027-5B5F06FAA8F6}
	EndGlobalSection
EndGlobal
